
Microsoft Visual Studio Solution File, Format Version 12.00
# Visual Studio Version 16
VisualStudioVersion = 16.0.37530.7
MinimumVisualStudioVersion = 10.0.40219.1
Project("{F184B08F-C81C-45F6-A57F-5ABD9991F28F}") = "change password", "change password\change password.vbproj", "{2F405CFE-4744-4721-8CB9-F0A4B90BCB9E}"
EndProject
Global
	GlobalSection(SolutionConfigurationPlatforms) = preSolution
		Debug|Any CPU = Debug|Any CPU
		Release|Any CPU = Release|Any CPU
	EndGlobalSection
	GlobalSection(ProjectConfigurationPlatforms) = postSolution
		{2F405CFE-4744-4721-8CB9-F0A4B90BCB9E}.Debug|Any CPU.ActiveCfg = Debug|Any CPU
		{2F405CFE-4744-4721-8CB9-F0A4B90BCB9E}.Debug|Any CPU.Build.0 = Debug|Any CPU
		{2F405CFE-4744-4721-8CB9-F0A4B90BCB9E}.Release|Any CPU.ActiveCfg = Release|Any CPU
		{2F405CFE-4744-4721-8CB9-F0A4B90BCB9E}.Release|Any CPU.Build.0 = Release|Any CPU
	EndGlobalSection
	GlobalSection(SolutionProperties) = preSolution
		HideSolutionNode = FALSE
	EndGlobalSection
	GlobalSection(ExtensibilityGlobals) = postSolution
		SolutionGuid = {AA90CFFB-5D24-4F03-B7D7-1AFF7A913E24}
	EndGlobalSection
EndGlobal
